
Microsoft Visual Studio Solution File, Format Version 12.00
# Visual Studio Version 16
VisualStudioVersion = 16.0.29424.173
MinimumVisualStudioVersion = 10.0.40219.1
Project("{FAE04EC0-301F-11D3-BF4B-00C04F79EFBC}") = "GuitarSearch", "GuitarSearch\GuitarSearch.csproj", "{5FC201AA-E88D-4DB8-9623-2D557F603950}"
EndProject
Project("{FAE04EC0-301F-11D3-BF4B-00C04F79EFBC}") = "DogDoors", "DogDoors\DogDoors.csproj", "{50A249E9-BBFD-430C-AC9E-8E26D7AE7BBB}"
EndProject
Global
	GlobalSection(SolutionConfigurationPlatforms) = preSolution
		Debug|Any CPU = Debug|Any CPU
		Release|Any CPU = Release|Any CPU
	EndGlobalSection
	GlobalSection(ProjectConfigurationPlatforms) = postSolution
		{5FC201AA-E88D-4DB8-9623-2D557F603950}.Debug|Any CPU.ActiveCfg = Debug|Any CPU
		{5FC201AA-E88D-4DB8-9623-2D557F603950}.Debug|Any CPU.Build.0 = Debug|Any CPU
		{5FC201AA-E88D-4DB8-9623-2D557F603950}.Release|Any CPU.ActiveCfg = Release|Any CPU
		{5FC201AA-E88D-4DB8-9623-2D557F603950}.Release|Any CPU.Build.0 = Release|Any CPU
		{50A249E9-BBFD-430C-AC9E-8E26D7AE7BBB}.Debug|Any CPU.ActiveCfg = Debug|Any CPU
		{50A249E9-BBFD-430C-AC9E-8E26D7AE7BBB}.Debug|Any CPU.Build.0 = Debug|Any CPU
		{50A249E9-BBFD-430C-AC9E-8E26D7AE7BBB}.Release|Any CPU.ActiveCfg = Release|Any CPU
		{50A249E9-BBFD-430C-AC9E-8E26D7AE7BBB}.Release|Any CPU.Build.0 = Release|Any CPU
	EndGlobalSection
	GlobalSection(SolutionProperties) = preSolution
		HideSolutionNode = FALSE
	EndGlobalSection
	GlobalSection(ExtensibilityGlobals) = postSolution
		SolutionGuid = {536E7F62-39B6-47CB-90D6-B9EA50B0738B}
	EndGlobalSection
EndGlobal
